
Microsoft Visual Studio Solution File, Format Version 12.00
# Visual Studio Version 16
VisualStudioVersion = 16.0.28721.148
MinimumVisualStudioVersion = 10.0.40219.1
Project("{FAE04EC0-301F-11D3-BF4B-00C04F79EFBC}") = "Xamarin.Cordova.Android.Bindings", "Xamarin.Cordova.Android.Bindings\Xamarin.Cordova.Android.Bindings.csproj", "{81156B2D-448E-4F87-9804-26050BD76335}"
EndProject
Global
	GlobalSection(SolutionConfigurationPlatforms) = preSolution
		Debug|Any CPU = Debug|Any CPU
		Release|Any CPU = Release|Any CPU
	EndGlobalSection
	GlobalSection(ProjectConfigurationPlatforms) = postSolution
		{81156B2D-448E-4F87-9804-26050BD76335}.Debug|Any CPU.ActiveCfg = Debug|Any CPU
		{81156B2D-448E-4F87-9804-26050BD76335}.Debug|Any CPU.Build.0 = Debug|Any CPU
		{81156B2D-448E-4F87-9804-26050BD76335}.Release|Any CPU.ActiveCfg = Release|Any CPU
		{81156B2D-448E-4F87-9804-26050BD76335}.Release|Any CPU.Build.0 = Release|Any CPU
	EndGlobalSection
	GlobalSection(SolutionProperties) = preSolution
		HideSolutionNode = FALSE
	EndGlobalSection
	GlobalSection(ExtensibilityGlobals) = postSolution
		SolutionGuid = {5F7DDC91-7863-486D-B941-14B68E241B29}
	EndGlobalSection
EndGlobal
